<?xml version="1.0" encoding="utf-8"?>
<Project ToolsVersion="4.0" xmlns="http://schemas.microsoft.com/developer/msbuild/2003">
  <ItemGroup>
    <Filter Include="Source Files">
      <UniqueIdentifier>{4FC737F1-C7A5-4376-A066-2A32D752A2FF}</UniqueIdentifier>
      <Extensions>cpp;c;cc;cxx;c++;cppm;ixx;def;odl;idl;hpj;bat;asm;asmx</Extensions>
    </Filter>
    <Filter Include="Header Files">
      <UniqueIdentifier>{93995380-89BD-4b04-88EB-625FBE52EBFB}</UniqueIdentifier>
      <Extensions>h;hh;hpp;hxx;h++;hm;inl;inc;ipp;xsd</Extensions>
    </Filter>
    <Filter Include="Resource Files">
      <UniqueIdentifier>{67DA6AB6-F800-4c08-8B7A-83BB121AAD01}</UniqueIdentifier>
      <Extensions>rc;ico;cur;bmp;dlg;rc2;rct;bin;rgs;gif;jpg;jpeg;jpe;resx;tiff;tif;png;wav;mfcribbon-ms</Extensions>
    </Filter>
  </ItemGroup>
  <ItemGroup>
    <ClInclude Include="MainMenuForm.h">
      <Filter>Header Files</Filter>
    </ClInclude>
    <ClInclude Include="TeacherLogin.h">
      <Filter>Header Files</Filter>
    </ClInclude>
    <ClInclude Include="TeacherTimeTableForm.h">
      <Filter>Header Files</Filter>
    </ClInclude>
    <ClInclude Include="StudentLogin.h">
      <Filter>Header Files</Filter>
    </ClInclude>
    <ClInclude Include="StudentTimeTable.h">
      <Filter>Header Files</Filter>
    </ClInclude>
    <ClInclude Include="SectionLogin.h">
      <Filter>Header Files</Filter>
    </ClInclude>
    <ClInclude Include="SectionTimeTable.h">
      <Filter>Header Files</Filter>
    </ClInclude>
    <ClInclude Include="RoomLogin.h">
      <Filter>Header Files</Filter>
    </ClInclude>
    <ClInclude Include="RoomTimeTable.h">
      <Filter>Header Files</Filter>
    </ClInclude>
    <ClInclude Include="AddStudentForm.h">
      <Filter>Header Files</Filter>
    </ClInclude>
    <ClInclude Include="RemoveStudentForm.h">
      <Filter>Header Files</Filter>
    </ClInclude>
    <ClInclude Include="DisplayStudents.h">
      <Filter>Header Files</Filter>
    </ClInclude>
    <ClInclude Include="RemoveTeacher.h">
      <Filter>Header Files</Filter>
    </ClInclude>
    <ClInclude Include="AddTeacher.h">
      <Filter>Header Files</Filter>
    </ClInclude>
    <ClInclude Include="DisplayTeachers.h">
      <Filter>Header Files</Filter>
    </ClInclude>
    <ClInclude Include="AddTimeSlot.h">
      <Filter>Header Files</Filter>
    </ClInclude>
    <ClInclude Include="RemoveTimeSlot.h">
      <Filter>Header Files</Filter>
    </ClInclude>
    <ClInclude Include="SearchTimeSlot.h">
      <Filter>Header Files</Filter>
    </ClInclude>
  </ItemGroup>
  <ItemGroup>
    <ClCompile Include="MainMenuForm.cpp">
      <Filter>Source Files</Filter>
    </ClCompile>
    <ClCompile Include="TeacherLogin.cpp">
      <Filter>Source Files</Filter>
    </ClCompile>
    <ClCompile Include="TeacherTimeTableForm.cpp">
      <Filter>Source Files</Filter>
    </ClCompile>
    <ClCompile Include="StudentLogin.cpp">
      <Filter>Source Files</Filter>
    </ClCompile>
    <ClCompile Include="StudentTimeTable.cpp">
      <Filter>Source Files</Filter>
    </ClCompile>
    <ClCompile Include="SectionTimeTable.cpp">
      <Filter>Source Files</Filter>
    </ClCompile>
    <ClCompile Include="SectionLogin.cpp">
      <Filter>Source Files</Filter>
    </ClCompile>
    <ClCompile Include="RoomLogin.cpp">
      <Filter>Source Files</Filter>
    </ClCompile>
    <ClCompile Include="RoomTimeTable.cpp">
      <Filter>Source Files</Filter>
    </ClCompile>
    <ClCompile Include="AddStudentForm.cpp">
      <Filter>Source Files</Filter>
    </ClCompile>
    <ClCompile Include="RemoveStudentForm.cpp">
      <Filter>Source Files</Filter>
    </ClCompile>
    <ClCompile Include="DisplayStudents.cpp">
      <Filter>Source Files</Filter>
    </ClCompile>
    <ClCompile Include="RemoveTeacher.cpp">
      <Filter>Source Files</Filter>
    </ClCompile>
    <ClCompile Include="AddTeacher.cpp">
      <Filter>Source Files</Filter>
    </ClCompile>
    <ClCompile Include="DisplayTeachers.cpp">
      <Filter>Source Files</Filter>
    </ClCompile>
    <ClCompile Include="AddTimeSlot.cpp">
      <Filter>Source Files</Filter>
    </ClCompile>
    <ClCompile Include="RemoveTimeSlot.cpp">
      <Filter>Source Files</Filter>
    </ClCompile>
    <ClCompile Include="SearchTimeSlot.cpp">
      <Filter>Source Files</Filter>
    </ClCompile>
  </ItemGroup>
</Project>